// !$*UTF8*$!
{
	archiveVersion = 1;
	classes = {
	};
	objectVersion = 56;
	objects = {

/* Begin PBXBuildFile section */
		148675B32BEFFACA009413BB /* LastInFirstOutContainer.swift in Sources */ = {isa = PBXBuildFile; fileRef = 148675B22BEFFACA009413BB /* LastInFirstOutContainer.swift */; };
		148675B52BEFFADB009413BB /* Stack.swift in Sources */ = {isa = PBXBuildFile; fileRef = 148675B42BEFFADB009413BB /* Stack.swift */; };
		148675B72BEFFAF0009413BB /* StackStatistics.swift in Sources */ = {isa = PBXBuildFile; fileRef = 148675B62BEFFAF0009413BB /* StackStatistics.swift */; };
		148675C02BEFFBD2009413BB /* Collections.framework in Frameworks */ = {isa = PBXBuildFile; fileRef = 14EF2B9D2BEE8F4B003628E8 /* Collections.framework */; };
		149A91FF2BF10A0500A49499 /* StackIsStructureTests.swift in Sources */ = {isa = PBXBuildFile; fileRef = 149A91FE2BF10A0500A49499 /* StackIsStructureTests.swift */; };
		149A92012BF10A1D00A49499 /* StackGenericsTests.swift in Sources */ = {isa = PBXBuildFile; fileRef = 149A92002BF10A1D00A49499 /* StackGenericsTests.swift */; };
		149A92032BF10A3100A49499 /* StackCountTests.swift in Sources */ = {isa = PBXBuildFile; fileRef = 149A92022BF10A3100A49499 /* StackCountTests.swift */; };
		149A92052BF10A4B00A49499 /* StackIsEmptyTests.swift in Sources */ = {isa = PBXBuildFile; fileRef = 149A92042BF10A4B00A49499 /* StackIsEmptyTests.swift */; };
		149A92072BF10A5A00A49499 /* StackPushTests.swift in Sources */ = {isa = PBXBuildFile; fileRef = 149A92062BF10A5A00A49499 /* StackPushTests.swift */; };
		149A92092BF10A6F00A49499 /* StackPopTests.swift in Sources */ = {isa = PBXBuildFile; fileRef = 149A92082BF10A6F00A49499 /* StackPopTests.swift */; };
		149A920B2BF10A8500A49499 /* StackTopTests.swift in Sources */ = {isa = PBXBuildFile; fileRef = 149A920A2BF10A8500A49499 /* StackTopTests.swift */; };
		149A920D2BF10A9F00A49499 /* StackStatisticsMinimumElementTests.swift in Sources */ = {isa = PBXBuildFile; fileRef = 149A920C2BF10A9F00A49499 /* StackStatisticsMinimumElementTests.swift */; };
		149A920F2BF10AB900A49499 /* StackStatisticsGenericsTests.swift in Sources */ = {isa = PBXBuildFile; fileRef = 149A920E2BF10AB900A49499 /* StackStatisticsGenericsTests.swift */; };
		149A92112BF10ACA00A49499 /* StackStatisticsIsStructureTests.swift in Sources */ = {isa = PBXBuildFile; fileRef = 149A92102BF10ACA00A49499 /* StackStatisticsIsStructureTests.swift */; };
		149A92132BF10AD800A49499 /* StackStatisticsCountTests.swift in Sources */ = {isa = PBXBuildFile; fileRef = 149A92122BF10AD800A49499 /* StackStatisticsCountTests.swift */; };
		149A92152BF10AF700A49499 /* StackStatisticsPushTests.swift in Sources */ = {isa = PBXBuildFile; fileRef = 149A92142BF10AF700A49499 /* StackStatisticsPushTests.swift */; };
		149A92172BF10B0500A49499 /* StackStatisticsPopTests.swift in Sources */ = {isa = PBXBuildFile; fileRef = 149A92162BF10B0500A49499 /* StackStatisticsPopTests.swift */; };
		149A92192BF10B1600A49499 /* StackStatisticsTopTests.swift in Sources */ = {isa = PBXBuildFile; fileRef = 149A92182BF10B1600A49499 /* StackStatisticsTopTests.swift */; };
		149A921B2BF10B8500A49499 /* StackStatisticsIsEmptyTests.swift in Sources */ = {isa = PBXBuildFile; fileRef = 149A921A2BF10B8500A49499 /* StackStatisticsIsEmptyTests.swift */; };
		14EF2BA12BEE8F4B003628E8 /* Collections.h in Headers */ = {isa = PBXBuildFile; fileRef = 14EF2BA02BEE8F4B003628E8 /* Collections.h */; settings = {ATTRIBUTES = (Public, ); }; };
/* End PBXBuildFile section */

/* Begin PBXContainerItemProxy section */
		148675C12BEFFBD2009413BB /* PBXContainerItemProxy */ = {
			isa = PBXContainerItemProxy;
			containerPortal = 14EF2B942BEE8F4B003628E8 /* Project object */;
			proxyType = 1;
			remoteGlobalIDString = 14EF2B9C2BEE8F4B003628E8;
			remoteInfo = Collections;
		};
/* End PBXContainerItemProxy section */

/* Begin PBXFileReference section */
		148675B22BEFFACA009413BB /* LastInFirstOutContainer.swift */ = {isa = PBXFileReference; lastKnownFileType = sourcecode.swift; path = LastInFirstOutContainer.swift; sourceTree = "<group>"; };
		148675B42BEFFADB009413BB /* Stack.swift */ = {isa = PBXFileReference; lastKnownFileType = sourcecode.swift; path = Stack.swift; sourceTree = "<group>"; };
		148675B62BEFFAF0009413BB /* StackStatistics.swift */ = {isa = PBXFileReference; lastKnownFileType = sourcecode.swift; path = StackStatistics.swift; sourceTree = "<group>"; };
		148675BC2BEFFBD2009413BB /* CollectionsTests.xctest */ = {isa = PBXFileReference; explicitFileType = wrapper.cfbundle; includeInIndex = 0; path = CollectionsTests.xctest; sourceTree = BUILT_PRODUCTS_DIR; };
		149A91FE2BF10A0500A49499 /* StackIsStructureTests.swift */ = {isa = PBXFileReference; lastKnownFileType = sourcecode.swift; path = StackIsStructureTests.swift; sourceTree = "<group>"; };
		149A92002BF10A1D00A49499 /* StackGenericsTests.swift */ = {isa = PBXFileReference; lastKnownFileType = sourcecode.swift; path = StackGenericsTests.swift; sourceTree = "<group>"; };
		149A92022BF10A3100A49499 /* StackCountTests.swift */ = {isa = PBXFileReference; lastKnownFileType = sourcecode.swift; path = StackCountTests.swift; sourceTree = "<group>"; };
		149A92042BF10A4B00A49499 /* StackIsEmptyTests.swift */ = {isa = PBXFileReference; lastKnownFileType = sourcecode.swift; path = StackIsEmptyTests.swift; sourceTree = "<group>"; };
		149A92062BF10A5A00A49499 /* StackPushTests.swift */ = {isa = PBXFileReference; lastKnownFileType = sourcecode.swift; path = StackPushTests.swift; sourceTree = "<group>"; };
		149A92082BF10A6F00A49499 /* StackPopTests.swift */ = {isa = PBXFileReference; lastKnownFileType = sourcecode.swift; path = StackPopTests.swift; sourceTree = "<group>"; };
		149A920A2BF10A8500A49499 /* StackTopTests.swift */ = {isa = PBXFileReference; lastKnownFileType = sourcecode.swift; path = StackTopTests.swift; sourceTree = "<group>"; };
		149A920C2BF10A9F00A49499 /* StackStatisticsMinimumElementTests.swift */ = {isa = PBXFileReference; lastKnownFileType = sourcecode.swift; path = StackStatisticsMinimumElementTests.swift; sourceTree = "<group>"; };
		149A920E2BF10AB900A49499 /* StackStatisticsGenericsTests.swift */ = {isa = PBXFileReference; lastKnownFileType = sourcecode.swift; path = StackStatisticsGenericsTests.swift; sourceTree = "<group>"; };
		149A92102BF10ACA00A49499 /* StackStatisticsIsStructureTests.swift */ = {isa = PBXFileReference; lastKnownFileType = sourcecode.swift; path = StackStatisticsIsStructureTests.swift; sourceTree = "<group>"; };
		149A92122BF10AD800A49499 /* StackStatisticsCountTests.swift */ = {isa = PBXFileReference; lastKnownFileType = sourcecode.swift; path = StackStatisticsCountTests.swift; sourceTree = "<group>"; };
		149A92142BF10AF700A49499 /* StackStatisticsPushTests.swift */ = {isa = PBXFileReference; lastKnownFileType = sourcecode.swift; path = StackStatisticsPushTests.swift; sourceTree = "<group>"; };
		149A92162BF10B0500A49499 /* StackStatisticsPopTests.swift */ = {isa = PBXFileReference; lastKnownFileType = sourcecode.swift; path = StackStatisticsPopTests.swift; sourceTree = "<group>"; };
		149A92182BF10B1600A49499 /* StackStatisticsTopTests.swift */ = {isa = PBXFileReference; lastKnownFileType = sourcecode.swift; path = StackStatisticsTopTests.swift; sourceTree = "<group>"; };
		149A921A2BF10B8500A49499 /* StackStatisticsIsEmptyTests.swift */ = {isa = PBXFileReference; lastKnownFileType = sourcecode.swift; path = StackStatisticsIsEmptyTests.swift; sourceTree = "<group>"; };
		14EF2B9D2BEE8F4B003628E8 /* Collections.framework */ = {isa = PBXFileReference; explicitFileType = wrapper.framework; includeInIndex = 0; path = Collections.framework; sourceTree = BUILT_PRODUCTS_DIR; };
		14EF2BA02BEE8F4B003628E8 /* Collections.h */ = {isa = PBXFileReference; lastKnownFileType = sourcecode.c.h; path = Collections.h; sourceTree = "<group>"; };
/* End PBXFileReference section */

/* Begin PBXFrameworksBuildPhase section */
		148675B92BEFFBD2009413BB /* Frameworks */ = {
			isa = PBXFrameworksBuildPhase;
			buildActionMask = 2147483647;
			files = (
				148675C02BEFFBD2009413BB /* Collections.framework in Frameworks */,
			);
			runOnlyForDeploymentPostprocessing = 0;
		};
		14EF2B9A2BEE8F4B003628E8 /* Frameworks */ = {
			isa = PBXFrameworksBuildPhase;
			buildActionMask = 2147483647;
			files = (
			);
			runOnlyForDeploymentPostprocessing = 0;
		};
/* End PBXFrameworksBuildPhase section */

/* Begin PBXGroup section */
		148675BD2BEFFBD2009413BB /* CollectionsTests */ = {
			isa = PBXGroup;
			children = (
				149A91FD2BF109EF00A49499 /* StackStatistics */,
				149A91FC2BF109E800A49499 /* Stack */,
			);
			path = CollectionsTests;
			sourceTree = "<group>";
		};
		149A91FC2BF109E800A49499 /* Stack */ = {
			isa = PBXGroup;
			children = (
				149A91FE2BF10A0500A49499 /* StackIsStructureTests.swift */,
				149A92002BF10A1D00A49499 /* StackGenericsTests.swift */,
				149A92022BF10A3100A49499 /* StackCountTests.swift */,
				149A92042BF10A4B00A49499 /* StackIsEmptyTests.swift */,
				149A92062BF10A5A00A49499 /* StackPushTests.swift */,
				149A92082BF10A6F00A49499 /* StackPopTests.swift */,
				149A920A2BF10A8500A49499 /* StackTopTests.swift */,
			);
			path = Stack;
			sourceTree = "<group>";
		};
		149A91FD2BF109EF00A49499 /* StackStatistics */ = {
			isa = PBXGroup;
			children = (
				149A920C2BF10A9F00A49499 /* StackStatisticsMinimumElementTests.swift */,
				149A92102BF10ACA00A49499 /* StackStatisticsIsStructureTests.swift */,
				149A920E2BF10AB900A49499 /* StackStatisticsGenericsTests.swift */,
				149A92122BF10AD800A49499 /* StackStatisticsCountTests.swift */,
				149A921A2BF10B8500A49499 /* StackStatisticsIsEmptyTests.swift */,
				149A92142BF10AF700A49499 /* StackStatisticsPushTests.swift */,
				149A92162BF10B0500A49499 /* StackStatisticsPopTests.swift */,
				149A92182BF10B1600A49499 /* StackStatisticsTopTests.swift */,
			);
			path = StackStatistics;
			sourceTree = "<group>";
		};
		14EF2B932BEE8F4B003628E8 = {
			isa = PBXGroup;
			children = (
				14EF2B9F2BEE8F4B003628E8 /* Collections */,
				148675BD2BEFFBD2009413BB /* CollectionsTests */,
				14EF2B9E2BEE8F4B003628E8 /* Products */,
			);
			sourceTree = "<group>";
		};
		14EF2B9E2BEE8F4B003628E8 /* Products */ = {
			isa = PBXGroup;
			children = (
				14EF2B9D2BEE8F4B003628E8 /* Collections.framework */,
				148675BC2BEFFBD2009413BB /* CollectionsTests.xctest */,
			);
			name = Products;
			sourceTree = "<group>";
		};
		14EF2B9F2BEE8F4B003628E8 /* Collections */ = {
			isa = PBXGroup;
			children = (
				14EF2BA02BEE8F4B003628E8 /* Collections.h */,
				148675B22BEFFACA009413BB /* LastInFirstOutContainer.swift */,
				148675B42BEFFADB009413BB /* Stack.swift */,
				148675B62BEFFAF0009413BB /* StackStatistics.swift */,
			);
			path = Collections;
			sourceTree = "<group>";
		};
/* End PBXGroup section */

/* Begin PBXHeadersBuildPhase section */
		14EF2B982BEE8F4B003628E8 /* Headers */ = {
			isa = PBXHeadersBuildPhase;
			buildActionMask = 2147483647;
			files = (
				14EF2BA12BEE8F4B003628E8 /* Collections.h in Headers */,
			);
			runOnlyForDeploymentPostprocessing = 0;
		};
/* End PBXHeadersBuildPhase section */

/* Begin PBXNativeTarget section */
		148675BB2BEFFBD2009413BB /* CollectionsTests */ = {
			isa = PBXNativeTarget;
			buildConfigurationList = 148675C32BEFFBD2009413BB /* Build configuration list for PBXNativeTarget "CollectionsTests" */;
			buildPhases = (
				148675B82BEFFBD2009413BB /* Sources */,
				148675B92BEFFBD2009413BB /* Frameworks */,
				148675BA2BEFFBD2009413BB /* Resources */,
			);
			buildRules = (
			);
			dependencies = (
				148675C22BEFFBD2009413BB /* PBXTargetDependency */,
			);
			name = CollectionsTests;
			productName = CollectionsTests;
			productReference = 148675BC2BEFFBD2009413BB /* CollectionsTests.xctest */;
			productType = "com.apple.product-type.bundle.unit-test";
		};
		14EF2B9C2BEE8F4B003628E8 /* Collections */ = {
			isa = PBXNativeTarget;
			buildConfigurationList = 14EF2BA42BEE8F4B003628E8 /* Build configuration list for PBXNativeTarget "Collections" */;
			buildPhases = (
				14EF2B982BEE8F4B003628E8 /* Headers */,
				14EF2B992BEE8F4B003628E8 /* Sources */,
				14EF2B9A2BEE8F4B003628E8 /* Frameworks */,
				14EF2B9B2BEE8F4B003628E8 /* Resources */,
			);
			buildRules = (
			);
			dependencies = (
			);
			name = Collections;
			productName = Collections;
			productReference = 14EF2B9D2BEE8F4B003628E8 /* Collections.framework */;
			productType = "com.apple.product-type.framework";
		};
/* End PBXNativeTarget section */

/* Begin PBXProject section */
		14EF2B942BEE8F4B003628E8 /* Project object */ = {
			isa = PBXProject;
			attributes = {
				BuildIndependentTargetsInParallel = 1;
				LastSwiftUpdateCheck = 1520;
				LastUpgradeCheck = 1520;
				TargetAttributes = {
					148675BB2BEFFBD2009413BB = {
						CreatedOnToolsVersion = 15.2;
						LastSwiftMigration = 1520;
					};
					14EF2B9C2BEE8F4B003628E8 = {
						CreatedOnToolsVersion = 15.2;
						LastSwiftMigration = 1520;
					};
				};
			};
			buildConfigurationList = 14EF2B972BEE8F4B003628E8 /* Build configuration list for PBXProject "Collections" */;
			compatibilityVersion = "Xcode 14.0";
			developmentRegion = en;
			hasScannedForEncodings = 0;
			knownRegions = (
				en,
				Base,
			);
			mainGroup = 14EF2B932BEE8F4B003628E8;
			productRefGroup = 14EF2B9E2BEE8F4B003628E8 /* Products */;
			projectDirPath = "";
			projectRoot = "";
			targets = (
				14EF2B9C2BEE8F4B003628E8 /* Collections */,
				148675BB2BEFFBD2009413BB /* CollectionsTests */,
			);
		};
/* End PBXProject section */

/* Begin PBXResourcesBuildPhase section */
		148675BA2BEFFBD2009413BB /* Resources */ = {
			isa = PBXResourcesBuildPhase;
			buildActionMask = 2147483647;
			files = (
			);
			runOnlyForDeploymentPostprocessing = 0;
		};
		14EF2B9B2BEE8F4B003628E8 /* Resources */ = {
			isa = PBXResourcesBuildPhase;
			buildActionMask = 2147483647;
			files = (
			);
			runOnlyForDeploymentPostprocessing = 0;
		};
/* End PBXResourcesBuildPhase section */

/* Begin PBXSourcesBuildPhase section */
		148675B82BEFFBD2009413BB /* Sources */ = {
			isa = PBXSourcesBuildPhase;
			buildActionMask = 2147483647;
			files = (
				149A920D2BF10A9F00A49499 /* StackStatisticsMinimumElementTests.swift in Sources */,
				149A92192BF10B1600A49499 /* StackStatisticsTopTests.swift in Sources */,
				149A92032BF10A3100A49499 /* StackCountTests.swift in Sources */,
				149A921B2BF10B8500A49499 /* StackStatisticsIsEmptyTests.swift in Sources */,
				149A92012BF10A1D00A49499 /* StackGenericsTests.swift in Sources */,
				149A92052BF10A4B00A49499 /* StackIsEmptyTests.swift in Sources */,
				149A920B2BF10A8500A49499 /* StackTopTests.swift in Sources */,
				149A92072BF10A5A00A49499 /* StackPushTests.swift in Sources */,
				149A92152BF10AF700A49499 /* StackStatisticsPushTests.swift in Sources */,
				149A92132BF10AD800A49499 /* StackStatisticsCountTests.swift in Sources */,
				149A92172BF10B0500A49499 /* StackStatisticsPopTests.swift in Sources */,
				149A92092BF10A6F00A49499 /* StackPopTests.swift in Sources */,
				149A91FF2BF10A0500A49499 /* StackIsStructureTests.swift in Sources */,
				149A920F2BF10AB900A49499 /* StackStatisticsGenericsTests.swift in Sources */,
				149A92112BF10ACA00A49499 /* StackStatisticsIsStructureTests.swift in Sources */,
			);
			runOnlyForDeploymentPostprocessing = 0;
		};
		14EF2B992BEE8F4B003628E8 /* Sources */ = {
			isa = PBXSourcesBuildPhase;
			buildActionMask = 2147483647;
			files = (
				148675B72BEFFAF0009413BB /* StackStatistics.swift in Sources */,
				148675B52BEFFADB009413BB /* Stack.swift in Sources */,
				148675B32BEFFACA009413BB /* LastInFirstOutContainer.swift in Sources */,
			);
			runOnlyForDeploymentPostprocessing = 0;
		};
/* End PBXSourcesBuildPhase section */

/* Begin PBXTargetDependency section */
		148675C22BEFFBD2009413BB /* PBXTargetDependency */ = {
			isa = PBXTargetDependency;
			target = 14EF2B9C2BEE8F4B003628E8 /* Collections */;
			targetProxy = 148675C12BEFFBD2009413BB /* PBXContainerItemProxy */;
		};
/* End PBXTargetDependency section */

/* Begin XCBuildConfiguration section */
		148675C42BEFFBD2009413BB /* Debug */ = {
			isa = XCBuildConfiguration;
			buildSettings = {
				CLANG_ENABLE_MODULES = YES;
				CODE_SIGN_STYLE = Automatic;
				CURRENT_PROJECT_VERSION = "";
				GENERATE_INFOPLIST_FILE = YES;
				MACOSX_DEPLOYMENT_TARGET = 10.13;
				MARKETING_VERSION = "";
				PRODUCT_BUNDLE_IDENTIFIER = nikitapuzikov.framework.multiplatform.collections.CollectionsTests;
				PRODUCT_NAME = "$(TARGET_NAME)";
				SDKROOT = macosx;
				SUPPORTED_PLATFORMS = "iphoneos iphonesimulator macosx";
				SUPPORTS_MACCATALYST = NO;
				SWIFT_EMIT_LOC_STRINGS = NO;
				SWIFT_OPTIMIZATION_LEVEL = "-Onone";
				SWIFT_VERSION = 5.0;
				TARGETED_DEVICE_FAMILY = "1,2";
			};
			name = Debug;
		};
		148675C52BEFFBD2009413BB /* Release */ = {
			isa = XCBuildConfiguration;
			buildSettings = {
				CLANG_ENABLE_MODULES = YES;
				CODE_SIGN_STYLE = Automatic;
				CURRENT_PROJECT_VERSION = "";
				GENERATE_INFOPLIST_FILE = YES;
				MACOSX_DEPLOYMENT_TARGET = 10.13;
				MARKETING_VERSION = "";
				PRODUCT_BUNDLE_IDENTIFIER = nikitapuzikov.framework.multiplatform.collections.CollectionsTests;
				PRODUCT_NAME = "$(TARGET_NAME)";
				SDKROOT = macosx;
				SUPPORTED_PLATFORMS = "iphoneos iphonesimulator macosx";
				SUPPORTS_MACCATALYST = NO;
				SWIFT_EMIT_LOC_STRINGS = NO;
				SWIFT_VERSION = 5.0;
				TARGETED_DEVICE_FAMILY = "1,2";
			};
			name = Release;
		};
		14EF2BA22BEE8F4B003628E8 /* Debug */ = {
			isa = XCBuildConfiguration;
			buildSettings = {
				ALWAYS_SEARCH_USER_PATHS = NO;
				ASSETCATALOG_COMPILER_GENERATE_SWIFT_ASSET_SYMBOL_EXTENSIONS = YES;
				CLANG_ANALYZER_NONNULL = YES;
				CLANG_ANALYZER_NUMBER_OBJECT_CONVERSION = YES_AGGRESSIVE;
				CLANG_CXX_LANGUAGE_STANDARD = "gnu++20";
				CLANG_ENABLE_MODULES = YES;
				CLANG_ENABLE_OBJC_ARC = YES;
				CLANG_ENABLE_OBJC_WEAK = YES;
				CLANG_WARN_BLOCK_CAPTURE_AUTORELEASING = YES;
				CLANG_WARN_BOOL_CONVERSION = YES;
				CLANG_WARN_COMMA = YES;
				CLANG_WARN_CONSTANT_CONVERSION = YES;
				CLANG_WARN_DEPRECATED_OBJC_IMPLEMENTATIONS = YES;
				CLANG_WARN_DIRECT_OBJC_ISA_USAGE = YES_ERROR;
				CLANG_WARN_DOCUMENTATION_COMMENTS = YES;
				CLANG_WARN_EMPTY_BODY = YES;
				CLANG_WARN_ENUM_CONVERSION = YES;
				CLANG_WARN_INFINITE_RECURSION = YES;
				CLANG_WARN_INT_CONVERSION = YES;
				CLANG_WARN_NON_LITERAL_NULL_CONVERSION = YES;
				CLANG_WARN_OBJC_IMPLICIT_RETAIN_SELF = YES;
				CLANG_WARN_OBJC_LITERAL_CONVERSION = YES;
				CLANG_WARN_OBJC_ROOT_CLASS = YES_ERROR;
				CLANG_WARN_QUOTED_INCLUDE_IN_FRAMEWORK_HEADER = YES;
				CLANG_WARN_RANGE_LOOP_ANALYSIS = YES;
				CLANG_WARN_STRICT_PROTOTYPES = YES;
				CLANG_WARN_SUSPICIOUS_MOVE = YES;
				CLANG_WARN_UNGUARDED_AVAILABILITY = YES_AGGRESSIVE;
				CLANG_WARN_UNREACHABLE_CODE = YES;
				CLANG_WARN__DUPLICATE_METHOD_MATCH = YES;
				COPY_PHASE_STRIP = NO;
				CURRENT_PROJECT_VERSION = "";
				DEBUG_INFORMATION_FORMAT = dwarf;
				ENABLE_STRICT_OBJC_MSGSEND = YES;
				ENABLE_TESTABILITY = YES;
				ENABLE_USER_SCRIPT_SANDBOXING = YES;
				GCC_C_LANGUAGE_STANDARD = gnu17;
				GCC_DYNAMIC_NO_PIC = NO;
				GCC_NO_COMMON_BLOCKS = YES;
				GCC_OPTIMIZATION_LEVEL = 0;
				GCC_PREPROCESSOR_DEFINITIONS = (
					"DEBUG=1",
					"$(inherited)",
				);
				GCC_WARN_64_TO_32_BIT_CONVERSION = YES;
				GCC_WARN_ABOUT_RETURN_TYPE = YES_ERROR;
				GCC_WARN_UNDECLARED_SELECTOR = YES;
				GCC_WARN_UNINITIALIZED_AUTOS = YES_AGGRESSIVE;
				GCC_WARN_UNUSED_FUNCTION = YES;
				GCC_WARN_UNUSED_VARIABLE = YES;
				IPHONEOS_DEPLOYMENT_TARGET = 12.0;
				LOCALIZATION_PREFERS_STRING_CATALOGS = YES;
				MACOSX_DEPLOYMENT_TARGET = 10.13;
				MTL_ENABLE_DEBUG_INFO = INCLUDE_SOURCE;
				MTL_FAST_MATH = YES;
				ONLY_ACTIVE_ARCH = YES;
				SWIFT_ACTIVE_COMPILATION_CONDITIONS = "DEBUG $(inherited)";
				SWIFT_OPTIMIZATION_LEVEL = "-Onone";
				VERSIONING_SYSTEM = "apple-generic";
				VERSION_INFO_PREFIX = "";
			};
			name = Debug;
		};
		14EF2BA32BEE8F4B003628E8 /* Release */ = {
			isa = XCBuildConfiguration;
			buildSettings = {
				ALWAYS_SEARCH_USER_PATHS = NO;
				ASSETCATALOG_COMPILER_GENERATE_SWIFT_ASSET_SYMBOL_EXTENSIONS = YES;
				CLANG_ANALYZER_NONNULL = YES;
				CLANG_ANALYZER_NUMBER_OBJECT_CONVERSION = YES_AGGRESSIVE;
				CLANG_CXX_LANGUAGE_STANDARD = "gnu++20";
				CLANG_ENABLE_MODULES = YES;
				CLANG_ENABLE_OBJC_ARC = YES;
				CLANG_ENABLE_OBJC_WEAK = YES;
				CLANG_WARN_BLOCK_CAPTURE_AUTORELEASING = YES;
				CLANG_WARN_BOOL_CONVERSION = YES;
				CLANG_WARN_COMMA = YES;
				CLANG_WARN_CONSTANT_CONVERSION = YES;
				CLANG_WARN_DEPRECATED_OBJC_IMPLEMENTATIONS = YES;
				CLANG_WARN_DIRECT_OBJC_ISA_USAGE = YES_ERROR;
				CLANG_WARN_DOCUMENTATION_COMMENTS = YES;
				CLANG_WARN_EMPTY_BODY = YES;
				CLANG_WARN_ENUM_CONVERSION = YES;
				CLANG_WARN_INFINITE_RECURSION = YES;
				CLANG_WARN_INT_CONVERSION = YES;
				CLANG_WARN_NON_LITERAL_NULL_CONVERSION = YES;
				CLANG_WARN_OBJC_IMPLICIT_RETAIN_SELF = YES;
				CLANG_WARN_OBJC_LITERAL_CONVERSION = YES;
				CLANG_WARN_OBJC_ROOT_CLASS = YES_ERROR;
				CLANG_WARN_QUOTED_INCLUDE_IN_FRAMEWORK_HEADER = YES;
				CLANG_WARN_RANGE_LOOP_ANALYSIS = YES;
				CLANG_WARN_STRICT_PROTOTYPES = YES;
				CLANG_WARN_SUSPICIOUS_MOVE = YES;
				CLANG_WARN_UNGUARDED_AVAILABILITY = YES_AGGRESSIVE;
				CLANG_WARN_UNREACHABLE_CODE = YES;
				CLANG_WARN__DUPLICATE_METHOD_MATCH = YES;
				COPY_PHASE_STRIP = NO;
				CURRENT_PROJECT_VERSION = "";
				DEBUG_INFORMATION_FORMAT = "dwarf-with-dsym";
				ENABLE_NS_ASSERTIONS = NO;
				ENABLE_STRICT_OBJC_MSGSEND = YES;
				ENABLE_USER_SCRIPT_SANDBOXING = YES;
				GCC_C_LANGUAGE_STANDARD = gnu17;
				GCC_NO_COMMON_BLOCKS = YES;
				GCC_WARN_64_TO_32_BIT_CONVERSION = YES;
				GCC_WARN_ABOUT_RETURN_TYPE = YES_ERROR;
				GCC_WARN_UNDECLARED_SELECTOR = YES;
				GCC_WARN_UNINITIALIZED_AUTOS = YES_AGGRESSIVE;
				GCC_WARN_UNUSED_FUNCTION = YES;
				GCC_WARN_UNUSED_VARIABLE = YES;
				IPHONEOS_DEPLOYMENT_TARGET = 12.0;
				LOCALIZATION_PREFERS_STRING_CATALOGS = YES;
				MACOSX_DEPLOYMENT_TARGET = 10.13;
				MTL_ENABLE_DEBUG_INFO = NO;
				MTL_FAST_MATH = YES;
				SWIFT_COMPILATION_MODE = wholemodule;
				VERSIONING_SYSTEM = "apple-generic";
				VERSION_INFO_PREFIX = "";
			};
			name = Release;
		};
		14EF2BA52BEE8F4B003628E8 /* Debug */ = {
			isa = XCBuildConfiguration;
			buildSettings = {
				BUILD_LIBRARY_FOR_DISTRIBUTION = YES;
				CLANG_ENABLE_MODULES = YES;
				CODE_SIGN_STYLE = Automatic;
				CURRENT_PROJECT_VERSION = "";
				DEFINES_MODULE = YES;
				DYLIB_COMPATIBILITY_VERSION = 1;
				DYLIB_CURRENT_VERSION = 1;
				DYLIB_INSTALL_NAME_BASE = "@rpath";
				ENABLE_MODULE_VERIFIER = YES;
				GENERATE_INFOPLIST_FILE = YES;
				INFOPLIST_KEY_NSHumanReadableCopyright = "";
				INSTALL_PATH = "$(LOCAL_LIBRARY_DIR)/Frameworks";
				IPHONEOS_DEPLOYMENT_TARGET = 12.0;
				LD_RUNPATH_SEARCH_PATHS = (
					"@executable_path/Frameworks",
					"@loader_path/Frameworks",
				);
				"LD_RUNPATH_SEARCH_PATHS[sdk=macosx*]" = (
					"@executable_path/../Frameworks",
					"@loader_path/Frameworks",
				);
				MACH_O_TYPE = staticlib;
				MACOSX_DEPLOYMENT_TARGET = 10.13;
				MARKETING_VERSION = 0.1.0;
				MODULE_VERIFIER_SUPPORTED_LANGUAGES = "objective-c objective-c++";
				MODULE_VERIFIER_SUPPORTED_LANGUAGE_STANDARDS = "gnu17 gnu++20";
				PRODUCT_BUNDLE_IDENTIFIER = nikitapuzikov.framework.multiplatform.collections.Collections;
				PRODUCT_NAME = "$(TARGET_NAME:c99extidentifier)";
				SDKROOT = auto;
				SKIP_INSTALL = NO;
				SUPPORTED_PLATFORMS = "iphoneos iphonesimulator macosx";
				SWIFT_EMIT_LOC_STRINGS = YES;
				SWIFT_OPTIMIZATION_LEVEL = "-Onone";
				SWIFT_VERSION = 5.0;
				TARGETED_DEVICE_FAMILY = "1,2";
			};
			name = Debug;
		};
		14EF2BA62BEE8F4B003628E8 /* Release */ = {
			isa = XCBuildConfiguration;
			buildSettings = {
				BUILD_LIBRARY_FOR_DISTRIBUTION = YES;
				CLANG_ENABLE_MODULES = YES;
				CODE_SIGN_STYLE = Automatic;
				CURRENT_PROJECT_VERSION = "";
				DEFINES_MODULE = YES;
				DYLIB_COMPATIBILITY_VERSION = 1;
				DYLIB_CURRENT_VERSION = 1;
				DYLIB_INSTALL_NAME_BASE = "@rpath";
				ENABLE_MODULE_VERIFIER = YES;
				GENERATE_INFOPLIST_FILE = YES;
				INFOPLIST_KEY_NSHumanReadableCopyright = "";
				INSTALL_PATH = "$(LOCAL_LIBRARY_DIR)/Frameworks";
				IPHONEOS_DEPLOYMENT_TARGET = 12.0;
				LD_RUNPATH_SEARCH_PATHS = (
					"@executable_path/Frameworks",
					"@loader_path/Frameworks",
				);
				"LD_RUNPATH_SEARCH_PATHS[sdk=macosx*]" = (
					"@executable_path/../Frameworks",
					"@loader_path/Frameworks",
				);
				MACH_O_TYPE = staticlib;
				MACOSX_DEPLOYMENT_TARGET = 10.13;
				MARKETING_VERSION = 0.1.0;
				MODULE_VERIFIER_SUPPORTED_LANGUAGES = "objective-c objective-c++";
				MODULE_VERIFIER_SUPPORTED_LANGUAGE_STANDARDS = "gnu17 gnu++20";
				PRODUCT_BUNDLE_IDENTIFIER = nikitapuzikov.framework.multiplatform.collections.Collections;
				PRODUCT_NAME = "$(TARGET_NAME:c99extidentifier)";
				SDKROOT = auto;
				SKIP_INSTALL = NO;
				SUPPORTED_PLATFORMS = "iphoneos iphonesimulator macosx";
				SWIFT_EMIT_LOC_STRINGS = YES;
				SWIFT_VERSION = 5.0;
				TARGETED_DEVICE_FAMILY = "1,2";
			};
			name = Release;
		};
/* End XCBuildConfiguration section */

/* Begin XCConfigurationList section */
		148675C32BEFFBD2009413BB /* Build configuration list for PBXNativeTarget "CollectionsTests" */ = {
			isa = XCConfigurationList;
			buildConfigurations = (
				148675C42BEFFBD2009413BB /* Debug */,
				148675C52BEFFBD2009413BB /* Release */,
			);
			defaultConfigurationIsVisible = 0;
			defaultConfigurationName = Release;
		};
		14EF2B972BEE8F4B003628E8 /* Build configuration list for PBXProject "Collections" */ = {
			isa = XCConfigurationList;
			buildConfigurations = (
				14EF2BA22BEE8F4B003628E8 /* Debug */,
				14EF2BA32BEE8F4B003628E8 /* Release */,
			);
			defaultConfigurationIsVisible = 0;
			defaultConfigurationName = Release;
		};
		14EF2BA42BEE8F4B003628E8 /* Build configuration list for PBXNativeTarget "Collections" */ = {
			isa = XCConfigurationList;
			buildConfigurations = (
				14EF2BA52BEE8F4B003628E8 /* Debug */,
				14EF2BA62BEE8F4B003628E8 /* Release */,
			);
			defaultConfigurationIsVisible = 0;
			defaultConfigurationName = Release;
		};
/* End XCConfigurationList section */
	};
	rootObject = 14EF2B942BEE8F4B003628E8 /* Project object */;
}
